
Microsoft Visual Studio Solution File, Format Version 12.00
# Visual Studio 15
VisualStudioVersion = 15.0.28010.2019
MinimumVisualStudioVersion = 10.0.40219.1
Project("{9A19103F-16F7-4668-BE54-9A1E7A4F7556}") = "PutridParrot.DataAnnotations", "PutridParrot.DataAnnotations\PutridParrot.DataAnnotations.csproj", "{D7D58364-2082-45B2-BFD3-1F355FB0F909}"
EndProject
Project("{FAE04EC0-301F-11D3-BF4B-00C04F79EFBC}") = "Tests.PutridParrot.DataAnnotations", "Tests.PutridParrot.DataAnnotations\Tests.PutridParrot.DataAnnotations.csproj", "{A4D2BF4F-ACCD-42FD-B1A1-53685684D121}"
EndProject
Global
	GlobalSection(SolutionConfigurationPlatforms) = preSolution
		Debug|Any CPU = Debug|Any CPU
		Release|Any CPU = Release|Any CPU
	EndGlobalSection
	GlobalSection(ProjectConfigurationPlatforms) = postSolution
		{D7D58364-2082-45B2-BFD3-1F355FB0F909}.Debug|Any CPU.ActiveCfg = Debug|Any CPU
		{D7D58364-2082-45B2-BFD3-1F355FB0F909}.Debug|Any CPU.Build.0 = Debug|Any CPU
		{D7D58364-2082-45B2-BFD3-1F355FB0F909}.Release|Any CPU.ActiveCfg = Release|Any CPU
		{D7D58364-2082-45B2-BFD3-1F355FB0F909}.Release|Any CPU.Build.0 = Release|Any CPU
		{F3D3A321-3D6A-47F0-87BC-8976442C8315}.Debug|Any CPU.ActiveCfg = Debug|Any CPU
		{F3D3A321-3D6A-47F0-87BC-8976442C8315}.Debug|Any CPU.Build.0 = Debug|Any CPU
		{F3D3A321-3D6A-47F0-87BC-8976442C8315}.Release|Any CPU.ActiveCfg = Release|Any CPU
		{F3D3A321-3D6A-47F0-87BC-8976442C8315}.Release|Any CPU.Build.0 = Release|Any CPU
		{A4D2BF4F-ACCD-42FD-B1A1-53685684D121}.Debug|Any CPU.ActiveCfg = Debug|Any CPU
		{A4D2BF4F-ACCD-42FD-B1A1-53685684D121}.Debug|Any CPU.Build.0 = Debug|Any CPU
		{A4D2BF4F-ACCD-42FD-B1A1-53685684D121}.Release|Any CPU.ActiveCfg = Release|Any CPU
		{A4D2BF4F-ACCD-42FD-B1A1-53685684D121}.Release|Any CPU.Build.0 = Release|Any CPU
	EndGlobalSection
	GlobalSection(SolutionProperties) = preSolution
		HideSolutionNode = FALSE
	EndGlobalSection
	GlobalSection(ExtensibilityGlobals) = postSolution
		SolutionGuid = {3E79FFC0-F25A-472F-98BF-782D0145499E}
	EndGlobalSection
EndGlobal
